<?xml version="1.0" encoding="utf-8"?>
<Project ToolsVersion="4.0" xmlns="http://schemas.microsoft.com/developer/msbuild/2003">
  <ItemGroup>
    <Filter Include="win32">
      <UniqueIdentifier>{84a8ebd7-7cf0-47f6-b75e-d441df67da40}</UniqueIdentifier>
    </Filter>
    <Filter Include="resource">
      <UniqueIdentifier>{715254bc-d70b-4ec5-bf29-467dd3ace079}</UniqueIdentifier>
    </Filter>
    <Filter Include="src">
      <UniqueIdentifier>{bb6c862e-70e9-49d9-81b7-3829a6f50471}</UniqueIdentifier>
    </Filter>
    <Filter Include="src\Common（通用）">
      <UniqueIdentifier>{906bdc27-ce6b-4289-8135-1ad4401e38e6}</UniqueIdentifier>
    </Filter>
    <Filter Include="src\FrameWork（框架）">
      <UniqueIdentifier>{e942a934-2946-4444-b1cb-b83815b9c2b1}</UniqueIdentifier>
    </Filter>
    <Filter Include="src\UI（界面图形）">
      <UniqueIdentifier>{d3decfae-7095-4bad-992e-884eb1df0e56}</UniqueIdentifier>
    </Filter>
    <Filter Include="src\UI（界面图形）\Layer">
      <UniqueIdentifier>{76046264-40b4-4ab5-b413-5851f5bbf042}</UniqueIdentifier>
    </Filter>
    <Filter Include="src\FrameWork（框架）\Net（网络）">
      <UniqueIdentifier>{99b5d61a-04a6-4a63-81b9-b98ed6f44530}</UniqueIdentifier>
    </Filter>
    <Filter Include="src\FrameWork（框架）\Net（网络）\Message（消息包）">
      <UniqueIdentifier>{aae46ab4-69cf-4c35-ac53-638ba7a12e6e}</UniqueIdentifier>
    </Filter>
    <Filter Include="src\FrameWork（框架）\Net（网络）\Socket（传输）">
      <UniqueIdentifier>{01b218a1-96b0-45d1-9441-62e3de3620fb}</UniqueIdentifier>
    </Filter>
    <Filter Include="src\FrameWork（框架）\Net（网络）\Protocol（协议）">
      <UniqueIdentifier>{5fff1fe9-50b9-4efa-9df8-c6864941249c}</UniqueIdentifier>
    </Filter>
    <Filter Include="src\FrameWork（框架）\Thread（线程）">
      <UniqueIdentifier>{a9bd9074-34ae-4e2f-b63b-1d0d731507f4}</UniqueIdentifier>
    </Filter>
    <Filter Include="src\FrameWork（框架）\Data（游戏数据）">
      <UniqueIdentifier>{70e8c67b-e35a-4c94-aed0-43b80ca26543}</UniqueIdentifier>
    </Filter>
    <Filter Include="src\FrameWork（框架）\UI（界面图形）">
      <UniqueIdentifier>{98afa498-67ce-48f9-b244-304a995d48e8}</UniqueIdentifier>
    </Filter>
    <Filter Include="src\FrameWork（框架）\Control（控制）">
      <UniqueIdentifier>{c0f81e7d-2b8e-4304-85d5-0780738a854b}</UniqueIdentifier>
    </Filter>
  </ItemGroup>
  <ItemGroup>
    <ClCompile Include="main.cpp">
      <Filter>win32</Filter>
    </ClCompile>
    <ClCompile Include="..\Classes\AppDelegate.cpp">
      <Filter>src</Filter>
    </ClCompile>
    <ClCompile Include="..\Classes\FrameWork\UI\UIManager.cpp">
      <Filter>src\FrameWork（框架）\UI（界面图形）</Filter>
    </ClCompile>
    <ClCompile Include="..\Classes\UI\Layer\HallLayer.cpp">
      <Filter>src\UI（界面图形）\Layer</Filter>
    </ClCompile>
    <ClCompile Include="..\Classes\Common\UIDataDefine.cpp">
      <Filter>src\Common（通用）</Filter>
    </ClCompile>
    <ClCompile Include="..\Classes\FrameWork\UI\BaseLayer.cpp">
      <Filter>src\FrameWork（框架）\UI（界面图形）</Filter>
    </ClCompile>
    <ClCompile Include="..\Classes\FrameWork\Control\AppInitManager.cpp">
      <Filter>src\FrameWork（框架）\Control（控制）</Filter>
    </ClCompile>
    <ClCompile Include="..\Classes\FrameWork\Thread\ThreadLibFunctions.cpp">
      <Filter>src\FrameWork（框架）\Thread（线程）</Filter>
    </ClCompile>
    <ClCompile Include="..\Classes\FrameWork\Net\Socket\SocketLibErrors.cpp">
      <Filter>src\FrameWork（框架）\Net（网络）\Socket（传输）</Filter>
    </ClCompile>
    <ClCompile Include="..\Classes\FrameWork\Net\Socket\SocketLibSocket.cpp">
      <Filter>src\FrameWork（框架）\Net（网络）\Socket（传输）</Filter>
    </ClCompile>
    <ClCompile Include="..\Classes\FrameWork\Net\Socket\SocketLibSystem.cpp">
      <Filter>src\FrameWork（框架）\Net（网络）\Socket（传输）</Filter>
    </ClCompile>
    <ClCompile Include="..\Classes\FrameWork\Net\Protocol\Code.cpp">
      <Filter>src\FrameWork（框架）\Net（网络）\Protocol（协议）</Filter>
    </ClCompile>
  </ItemGroup>
  <ItemGroup>
    <ClInclude Include="main.h">
      <Filter>win32</Filter>
    </ClInclude>
    <ClInclude Include="..\Classes\AppDelegate.h">
      <Filter>src</Filter>
    </ClInclude>
    <ClInclude Include="..\Classes\FrameWork\UI\UIManager.h">
      <Filter>src\FrameWork（框架）\UI（界面图形）</Filter>
    </ClInclude>
    <ClInclude Include="..\Classes\Common\Singleton.h">
      <Filter>src\Common（通用）</Filter>
    </ClInclude>
    <ClInclude Include="..\Classes\Common\UIDataDefine.h">
      <Filter>src\Common（通用）</Filter>
    </ClInclude>
    <ClInclude Include="..\Classes\Common\IncludeLayersHead.h">
      <Filter>src\Common（通用）</Filter>
    </ClInclude>
    <ClInclude Include="..\Classes\FrameWork\UI\ILayer.h">
      <Filter>src\FrameWork（框架）\UI（界面图形）</Filter>
    </ClInclude>
    <ClInclude Include="..\Classes\UI\Layer\HallLayer.h">
      <Filter>src\UI（界面图形）\Layer</Filter>
    </ClInclude>
    <ClInclude Include="..\Classes\FrameWork\UI\BaseLayer.h">
      <Filter>src\FrameWork（框架）\UI（界面图形）</Filter>
    </ClInclude>
    <ClInclude Include="..\Classes\Common\AppFunc.h">
      <Filter>src\Common（通用）</Filter>
    </ClInclude>
    <ClInclude Include="..\Classes\FrameWork\Control\AppInitManager.h">
      <Filter>src\FrameWork（框架）\Control（控制）</Filter>
    </ClInclude>
    <ClInclude Include="..\Classes\FrameWork\Thread\ThreadLib.h">
      <Filter>src\FrameWork（框架）\Thread（线程）</Filter>
    </ClInclude>
    <ClInclude Include="..\Classes\FrameWork\Thread\ThreadLibMutex.h">
      <Filter>src\FrameWork（框架）\Thread（线程）</Filter>
    </ClInclude>
    <ClInclude Include="..\Classes\FrameWork\Thread\ThreadException.h">
      <Filter>src\FrameWork（框架）\Thread（线程）</Filter>
    </ClInclude>
    <ClInclude Include="..\Classes\FrameWork\Thread\ThreadLibFunctions.h">
      <Filter>src\FrameWork（框架）\Thread（线程）</Filter>
    </ClInclude>
    <ClInclude Include="..\Classes\FrameWork\Net\Socket\SocketLibErrors.h">
      <Filter>src\FrameWork（框架）\Net（网络）\Socket（传输）</Filter>
    </ClInclude>
    <ClInclude Include="..\Classes\FrameWork\Net\Socket\SocketLibSocket.h">
      <Filter>src\FrameWork（框架）\Net（网络）\Socket（传输）</Filter>
    </ClInclude>
    <ClInclude Include="..\Classes\FrameWork\Net\Socket\SocketLibSystem.h">
      <Filter>src\FrameWork（框架）\Net（网络）\Socket（传输）</Filter>
    </ClInclude>
    <ClInclude Include="..\Classes\FrameWork\Net\Socket\SocketLibTypes.h">
      <Filter>src\FrameWork（框架）\Net（网络）\Socket（传输）</Filter>
    </ClInclude>
    <ClInclude Include="..\Classes\FrameWork\Net\Protocol\Code.h">
      <Filter>src\FrameWork（框架）\Net（网络）\Protocol（协议）</Filter>
    </ClInclude>
  </ItemGroup>
  <ItemGroup>
    <ResourceCompile Include="game.rc">
      <Filter>resource</Filter>
    </ResourceCompile>
  </ItemGroup>
</Project>